
Microsoft Visual Studio Solution File, Format Version 11.00
# Visual Studio 2010
# SharpDevelop 4.3
Project("{FAE04EC0-301F-11D3-BF4B-00C04F79EFBC}") = "AdvertParsingService", "AdvertParsingService\AdvertParsingService.csproj", "{CF483BDC-78FC-4727-94EF-0DCF2EAF572B}"
EndProject
Project("{FAE04EC0-301F-11D3-BF4B-00C04F79EFBC}") = "AdvertParsingServiceStarter", "AdvertParsingServiceStarter\AdvertParsingServiceStarter.csproj", "{E1E83BED-7A67-425A-9A2D-95A3E13E9344}"
EndProject
Global
	GlobalSection(SolutionConfigurationPlatforms) = preSolution
		Debug|Any CPU = Debug|Any CPU
		Release|Any CPU = Release|Any CPU
	EndGlobalSection
	GlobalSection(ProjectConfigurationPlatforms) = postSolution
		{CF483BDC-78FC-4727-94EF-0DCF2EAF572B}.Debug|Any CPU.Build.0 = Debug|Any CPU
		{CF483BDC-78FC-4727-94EF-0DCF2EAF572B}.Debug|Any CPU.ActiveCfg = Debug|Any CPU
		{CF483BDC-78FC-4727-94EF-0DCF2EAF572B}.Release|Any CPU.Build.0 = Release|Any CPU
		{CF483BDC-78FC-4727-94EF-0DCF2EAF572B}.Release|Any CPU.ActiveCfg = Release|Any CPU
		{E1E83BED-7A67-425A-9A2D-95A3E13E9344}.Debug|Any CPU.Build.0 = Debug|Any CPU
		{E1E83BED-7A67-425A-9A2D-95A3E13E9344}.Debug|Any CPU.ActiveCfg = Debug|Any CPU
		{E1E83BED-7A67-425A-9A2D-95A3E13E9344}.Release|Any CPU.Build.0 = Release|Any CPU
		{E1E83BED-7A67-425A-9A2D-95A3E13E9344}.Release|Any CPU.ActiveCfg = Release|Any CPU
	EndGlobalSection
EndGlobal
