
Microsoft Visual Studio Solution File, Format Version 11.00
# Visual Studio 2010
# SharpDevelop 4.3
Project("{FAE04EC0-301F-11D3-BF4B-00C04F79EFBC}") = "AdvertModel", "AdvertModel\AdvertModel.csproj", "{4A95C230-A381-401A-95BA-B607B89DBDA4}"
EndProject
Global
	GlobalSection(SolutionConfigurationPlatforms) = preSolution
		Debug|Any CPU = Debug|Any CPU
		Release|Any CPU = Release|Any CPU
	EndGlobalSection
	GlobalSection(ProjectConfigurationPlatforms) = postSolution
		{4A95C230-A381-401A-95BA-B607B89DBDA4}.Debug|Any CPU.Build.0 = Debug|Any CPU
		{4A95C230-A381-401A-95BA-B607B89DBDA4}.Debug|Any CPU.ActiveCfg = Debug|Any CPU
		{4A95C230-A381-401A-95BA-B607B89DBDA4}.Release|Any CPU.Build.0 = Release|Any CPU
		{4A95C230-A381-401A-95BA-B607B89DBDA4}.Release|Any CPU.ActiveCfg = Release|Any CPU
	EndGlobalSection
EndGlobal
