
Microsoft Visual Studio Solution File, Format Version 12.00
# Visual Studio 2012
Project("{FAE04EC0-301F-11D3-BF4B-00C04F79EFBC}") = "XAFSkelbimaiPrograma.Module", "XAFSkelbimaiPrograma.Module\XAFSkelbimaiPrograma.Module.csproj", "{5F15837D-D1E5-44DC-92F0-4F2EBE9C3F8D}"
EndProject
Project("{FAE04EC0-301F-11D3-BF4B-00C04F79EFBC}") = "XAFSkelbimaiPrograma.Module.Web", "XAFSkelbimaiPrograma.Module.Web\XAFSkelbimaiPrograma.Module.Web.csproj", "{0C729AAD-7626-4668-A7F1-35F7D240489D}"
EndProject
Project("{FAE04EC0-301F-11D3-BF4B-00C04F79EFBC}") = "XAFSkelbimaiPrograma.Web", "XAFSkelbimaiPrograma.Web\XAFSkelbimaiPrograma.Web.csproj", "{82A6DBC9-B1B4-44E4-9718-55DF930CD349}"
EndProject
Project("{FAE04EC0-301F-11D3-BF4B-00C04F79EFBC}") = "XAFSkelbimaiPrograma.Parser", "XAFSkelbimaiPrograma.Parser\XAFSkelbimaiPrograma.Parser.csproj", "{7CAE55F2-0E06-4ECD-9F07-AE8FF855B9FC}"
EndProject
Project("{FAE04EC0-301F-11D3-BF4B-00C04F79EFBC}") = "XAFSkelbimaiPrograma.Parser.Tests", "XAFSkelbimaiPrograma.Parser.Tests\XAFSkelbimaiPrograma.Parser.Tests.csproj", "{5C203209-D4C2-4D6E-8546-DF62BC6C610C}"
EndProject
Project("{FAE04EC0-301F-11D3-BF4B-00C04F79EFBC}") = "XAFSkelbimaiPrograma.RuleExecutor", "XAFSkelbimaiPrograma.RuleExecutor\XAFSkelbimaiPrograma.RuleExecutor.csproj", "{352CFB01-94A5-4B6A-B2C4-35B9B3598F83}"
EndProject
Global
	GlobalSection(SolutionConfigurationPlatforms) = preSolution
		Debug|Any CPU = Debug|Any CPU
		EasyTest|Any CPU = EasyTest|Any CPU
		Release|Any CPU = Release|Any CPU
	EndGlobalSection
	GlobalSection(ProjectConfigurationPlatforms) = postSolution
		{5F15837D-D1E5-44DC-92F0-4F2EBE9C3F8D}.Debug|Any CPU.ActiveCfg = Debug|Any CPU
		{5F15837D-D1E5-44DC-92F0-4F2EBE9C3F8D}.Debug|Any CPU.Build.0 = Debug|Any CPU
		{5F15837D-D1E5-44DC-92F0-4F2EBE9C3F8D}.EasyTest|Any CPU.ActiveCfg = EasyTest|Any CPU
		{5F15837D-D1E5-44DC-92F0-4F2EBE9C3F8D}.EasyTest|Any CPU.Build.0 = EasyTest|Any CPU
		{5F15837D-D1E5-44DC-92F0-4F2EBE9C3F8D}.Release|Any CPU.ActiveCfg = Release|Any CPU
		{5F15837D-D1E5-44DC-92F0-4F2EBE9C3F8D}.Release|Any CPU.Build.0 = Release|Any CPU
		{0C729AAD-7626-4668-A7F1-35F7D240489D}.Debug|Any CPU.ActiveCfg = Debug|Any CPU
		{0C729AAD-7626-4668-A7F1-35F7D240489D}.Debug|Any CPU.Build.0 = Debug|Any CPU
		{0C729AAD-7626-4668-A7F1-35F7D240489D}.EasyTest|Any CPU.ActiveCfg = EasyTest|Any CPU
		{0C729AAD-7626-4668-A7F1-35F7D240489D}.EasyTest|Any CPU.Build.0 = EasyTest|Any CPU
		{0C729AAD-7626-4668-A7F1-35F7D240489D}.Release|Any CPU.ActiveCfg = Release|Any CPU
		{0C729AAD-7626-4668-A7F1-35F7D240489D}.Release|Any CPU.Build.0 = Release|Any CPU
		{82A6DBC9-B1B4-44E4-9718-55DF930CD349}.Debug|Any CPU.ActiveCfg = Debug|Any CPU
		{82A6DBC9-B1B4-44E4-9718-55DF930CD349}.Debug|Any CPU.Build.0 = Debug|Any CPU
		{82A6DBC9-B1B4-44E4-9718-55DF930CD349}.EasyTest|Any CPU.ActiveCfg = EasyTest|Any CPU
		{82A6DBC9-B1B4-44E4-9718-55DF930CD349}.EasyTest|Any CPU.Build.0 = EasyTest|Any CPU
		{82A6DBC9-B1B4-44E4-9718-55DF930CD349}.Release|Any CPU.ActiveCfg = Release|Any CPU
		{82A6DBC9-B1B4-44E4-9718-55DF930CD349}.Release|Any CPU.Build.0 = Release|Any CPU
		{7CAE55F2-0E06-4ECD-9F07-AE8FF855B9FC}.Debug|Any CPU.ActiveCfg = Debug|Any CPU
		{7CAE55F2-0E06-4ECD-9F07-AE8FF855B9FC}.Debug|Any CPU.Build.0 = Debug|Any CPU
		{7CAE55F2-0E06-4ECD-9F07-AE8FF855B9FC}.EasyTest|Any CPU.ActiveCfg = Release|Any CPU
		{7CAE55F2-0E06-4ECD-9F07-AE8FF855B9FC}.EasyTest|Any CPU.Build.0 = Release|Any CPU
		{7CAE55F2-0E06-4ECD-9F07-AE8FF855B9FC}.Release|Any CPU.ActiveCfg = Release|Any CPU
		{7CAE55F2-0E06-4ECD-9F07-AE8FF855B9FC}.Release|Any CPU.Build.0 = Release|Any CPU
		{5C203209-D4C2-4D6E-8546-DF62BC6C610C}.Debug|Any CPU.ActiveCfg = Debug|Any CPU
		{5C203209-D4C2-4D6E-8546-DF62BC6C610C}.Debug|Any CPU.Build.0 = Debug|Any CPU
		{5C203209-D4C2-4D6E-8546-DF62BC6C610C}.EasyTest|Any CPU.ActiveCfg = Release|Any CPU
		{5C203209-D4C2-4D6E-8546-DF62BC6C610C}.EasyTest|Any CPU.Build.0 = Release|Any CPU
		{5C203209-D4C2-4D6E-8546-DF62BC6C610C}.Release|Any CPU.ActiveCfg = Release|Any CPU
		{5C203209-D4C2-4D6E-8546-DF62BC6C610C}.Release|Any CPU.Build.0 = Release|Any CPU
		{352CFB01-94A5-4B6A-B2C4-35B9B3598F83}.Debug|Any CPU.ActiveCfg = Debug|Any CPU
		{352CFB01-94A5-4B6A-B2C4-35B9B3598F83}.Debug|Any CPU.Build.0 = Debug|Any CPU
		{352CFB01-94A5-4B6A-B2C4-35B9B3598F83}.EasyTest|Any CPU.ActiveCfg = Release|Any CPU
		{352CFB01-94A5-4B6A-B2C4-35B9B3598F83}.EasyTest|Any CPU.Build.0 = Release|Any CPU
		{352CFB01-94A5-4B6A-B2C4-35B9B3598F83}.Release|Any CPU.ActiveCfg = Release|Any CPU
		{352CFB01-94A5-4B6A-B2C4-35B9B3598F83}.Release|Any CPU.Build.0 = Release|Any CPU
	EndGlobalSection
	GlobalSection(SolutionProperties) = preSolution
		HideSolutionNode = FALSE
	EndGlobalSection
EndGlobal
